// !$*UTF8*$!
{
	archiveVersion = 1;
	classes = {
	};
	objectVersion = 50;
	objects = {

/* Begin PBXBuildFile section */
		5B94B33320B6F86700964196 /* AppDelegate.swift in Sources */ = {isa = PBXBuildFile; fileRef = 5B94B33220B6F86700964196 /* AppDelegate.swift */; };
		5B94B33820B6F86700964196 /* Main.storyboard in Resources */ = {isa = PBXBuildFile; fileRef = 5B94B33620B6F86700964196 /* Main.storyboard */; };
		5B94B33B20B6F86700964196 /* TimeWatch.xcdatamodeld in Sources */ = {isa = PBXBuildFile; fileRef = 5B94B33920B6F86700964196 /* TimeWatch.xcdatamodeld */; };
		5B94B33D20B6F86900964196 /* Assets.xcassets in Resources */ = {isa = PBXBuildFile; fileRef = 5B94B33C20B6F86900964196 /* Assets.xcassets */; };
		5B94B34020B6F86900964196 /* LaunchScreen.storyboard in Resources */ = {isa = PBXBuildFile; fileRef = 5B94B33E20B6F86900964196 /* LaunchScreen.storyboard */; };
		5B94B35220BCBD8100964196 /* ProjectsTableViewController.swift in Sources */ = {isa = PBXBuildFile; fileRef = 5B94B35120BCBD8100964196 /* ProjectsTableViewController.swift */; };
/* End PBXBuildFile section */

/* Begin PBXFileReference section */
		5B94B32F20B6F86700964196 /* TimeWatch.app */ = {isa = PBXFileReference; explicitFileType = wrapper.application; includeInIndex = 0; path = TimeWatch.app; sourceTree = BUILT_PRODUCTS_DIR; };
		5B94B33220B6F86700964196 /* AppDelegate.swift */ = {isa = PBXFileReference; lastKnownFileType = sourcecode.swift; path = AppDelegate.swift; sourceTree = "<group>"; };
		5B94B33720B6F86700964196 /* Base */ = {isa = PBXFileReference; lastKnownFileType = file.storyboard; name = Base; path = Base.lproj/Main.storyboard; sourceTree = "<group>"; };
		5B94B33A20B6F86700964196 /* TimeWatch.xcdatamodel */ = {isa = PBXFileReference; lastKnownFileType = wrapper.xcdatamodel; path = TimeWatch.xcdatamodel; sourceTree = "<group>"; };
		5B94B33C20B6F86900964196 /* Assets.xcassets */ = {isa = PBXFileReference; lastKnownFileType = folder.assetcatalog; path = Assets.xcassets; sourceTree = "<group>"; };
		5B94B33F20B6F86900964196 /* Base */ = {isa = PBXFileReference; lastKnownFileType = file.storyboard; name = Base; path = Base.lproj/LaunchScreen.storyboard; sourceTree = "<group>"; };
		5B94B34120B6F86900964196 /* Info.plist */ = {isa = PBXFileReference; lastKnownFileType = text.plist.xml; path = Info.plist; sourceTree = "<group>"; };
		5B94B35120BCBD8100964196 /* ProjectsTableViewController.swift */ = {isa = PBXFileReference; lastKnownFileType = sourcecode.swift; path = ProjectsTableViewController.swift; sourceTree = "<group>"; };
/* End PBXFileReference section */

/* Begin PBXFrameworksBuildPhase section */
		5B94B32C20B6F86700964196 /* Frameworks */ = {
			isa = PBXFrameworksBuildPhase;
			buildActionMask = 2147483647;
			files = (
			);
			runOnlyForDeploymentPostprocessing = 0;
		};
/* End PBXFrameworksBuildPhase section */

/* Begin PBXGroup section */
		5B94B32620B6F86700964196 = {
			isa = PBXGroup;
			children = (
				5B94B33120B6F86700964196 /* TimeWatch */,
				5B94B33020B6F86700964196 /* Products */,
			);
			sourceTree = "<group>";
		};
		5B94B33020B6F86700964196 /* Products */ = {
			isa = PBXGroup;
			children = (
				5B94B32F20B6F86700964196 /* TimeWatch.app */,
			);
			name = Products;
			sourceTree = "<group>";
		};
		5B94B33120B6F86700964196 /* TimeWatch */ = {
			isa = PBXGroup;
			children = (
				5B94B34B20B6F8EC00964196 /* Controller */,
				5B94B34720B6F8A300964196 /* Model */,
				5B94B34A20B6F8DD00964196 /* View */,
				5B94B33220B6F86700964196 /* AppDelegate.swift */,
				5B94B34120B6F86900964196 /* Info.plist */,
				5B94B34C20B6F94400964196 /* Supporting Files */,
			);
			path = TimeWatch;
			sourceTree = "<group>";
		};
		5B94B34720B6F8A300964196 /* Model */ = {
			isa = PBXGroup;
			children = (
				5B94B33920B6F86700964196 /* TimeWatch.xcdatamodeld */,
			);
			path = Model;
			sourceTree = "<group>";
		};
		5B94B34A20B6F8DD00964196 /* View */ = {
			isa = PBXGroup;
			children = (
				5B94B33E20B6F86900964196 /* LaunchScreen.storyboard */,
				5B94B33620B6F86700964196 /* Main.storyboard */,
			);
			path = View;
			sourceTree = "<group>";
		};
		5B94B34B20B6F8EC00964196 /* Controller */ = {
			isa = PBXGroup;
			children = (
				5B94B35120BCBD8100964196 /* ProjectsTableViewController.swift */,
			);
			path = Controller;
			sourceTree = "<group>";
		};
		5B94B34C20B6F94400964196 /* Supporting Files */ = {
			isa = PBXGroup;
			children = (
				5B94B33C20B6F86900964196 /* Assets.xcassets */,
			);
			path = "Supporting Files";
			sourceTree = "<group>";
		};
/* End PBXGroup section */

/* Begin PBXNativeTarget section */
		5B94B32E20B6F86700964196 /* TimeWatch */ = {
			isa = PBXNativeTarget;
			buildConfigurationList = 5B94B34420B6F86900964196 /* Build configuration list for PBXNativeTarget "TimeWatch" */;
			buildPhases = (
				5B94B32B20B6F86700964196 /* Sources */,
				5B94B32C20B6F86700964196 /* Frameworks */,
				5B94B32D20B6F86700964196 /* Resources */,
			);
			buildRules = (
			);
			dependencies = (
			);
			name = TimeWatch;
			productName = TimeWatch;
			productReference = 5B94B32F20B6F86700964196 /* TimeWatch.app */;
			productType = "com.apple.product-type.application";
		};
/* End PBXNativeTarget section */

/* Begin PBXProject section */
		5B94B32720B6F86700964196 /* Project object */ = {
			isa = PBXProject;
			attributes = {
				LastSwiftUpdateCheck = 0930;
				LastUpgradeCheck = 0930;
				ORGANIZATIONNAME = "Peter Pascual";
				TargetAttributes = {
					5B94B32E20B6F86700964196 = {
						CreatedOnToolsVersion = 9.3.1;
					};
				};
			};
			buildConfigurationList = 5B94B32A20B6F86700964196 /* Build configuration list for PBXProject "TimeWatch" */;
			compatibilityVersion = "Xcode 9.3";
			developmentRegion = en;
			hasScannedForEncodings = 0;
			knownRegions = (
				en,
				Base,
			);
			mainGroup = 5B94B32620B6F86700964196;
			productRefGroup = 5B94B33020B6F86700964196 /* Products */;
			projectDirPath = "";
			projectRoot = "";
			targets = (
				5B94B32E20B6F86700964196 /* TimeWatch */,
			);
		};
/* End PBXProject section */

/* Begin PBXResourcesBuildPhase section */
		5B94B32D20B6F86700964196 /* Resources */ = {
			isa = PBXResourcesBuildPhase;
			buildActionMask = 2147483647;
			files = (
				5B94B34020B6F86900964196 /* LaunchScreen.storyboard in Resources */,
				5B94B33D20B6F86900964196 /* Assets.xcassets in Resources */,
				5B94B33820B6F86700964196 /* Main.storyboard in Resources */,
			);
			runOnlyForDeploymentPostprocessing = 0;
		};
/* End PBXResourcesBuildPhase section */

/* Begin PBXSourcesBuildPhase section */
		5B94B32B20B6F86700964196 /* Sources */ = {
			isa = PBXSourcesBuildPhase;
			buildActionMask = 2147483647;
			files = (
				5B94B33B20B6F86700964196 /* TimeWatch.xcdatamodeld in Sources */,
				5B94B33320B6F86700964196 /* AppDelegate.swift in Sources */,
				5B94B35220BCBD8100964196 /* ProjectsTableViewController.swift in Sources */,
			);
			runOnlyForDeploymentPostprocessing = 0;
		};
/* End PBXSourcesBuildPhase section */

/* Begin PBXVariantGroup section */
		5B94B33620B6F86700964196 /* Main.storyboard */ = {
			isa = PBXVariantGroup;
			children = (
				5B94B33720B6F86700964196 /* Base */,
			);
			name = Main.storyboard;
			sourceTree = "<group>";
		};
		5B94B33E20B6F86900964196 /* LaunchScreen.storyboard */ = {
			isa = PBXVariantGroup;
			children = (
				5B94B33F20B6F86900964196 /* Base */,
			);
			name = LaunchScreen.storyboard;
			sourceTree = "<group>";
		};
/* End PBXVariantGroup section */

/* Begin XCBuildConfiguration section */
		5B94B34220B6F86900964196 /* Debug */ = {
			isa = XCBuildConfiguration;
			buildSettings = {
				ALWAYS_SEARCH_USER_PATHS = NO;
				CLANG_ANALYZER_NONNULL = YES;
				CLANG_ANALYZER_NUMBER_OBJECT_CONVERSION = YES_AGGRESSIVE;
				CLANG_CXX_LANGUAGE_STANDARD = "gnu++14";
				CLANG_CXX_LIBRARY = "libc++";
				CLANG_ENABLE_MODULES = YES;
				CLANG_ENABLE_OBJC_ARC = YES;
				CLANG_ENABLE_OBJC_WEAK = YES;
				CLANG_WARN_BLOCK_CAPTURE_AUTORELEASING = YES;
				CLANG_WARN_BOOL_CONVERSION = YES;
				CLANG_WARN_COMMA = YES;
				CLANG_WARN_CONSTANT_CONVERSION = YES;
				CLANG_WARN_DEPRECATED_OBJC_IMPLEMENTATIONS = YES;
				CLANG_WARN_DIRECT_OBJC_ISA_USAGE = YES_ERROR;
				CLANG_WARN_DOCUMENTATION_COMMENTS = YES;
				CLANG_WARN_EMPTY_BODY = YES;
				CLANG_WARN_ENUM_CONVERSION = YES;
				CLANG_WARN_INFINITE_RECURSION = YES;
				CLANG_WARN_INT_CONVERSION = YES;
				CLANG_WARN_NON_LITERAL_NULL_CONVERSION = YES;
				CLANG_WARN_OBJC_IMPLICIT_RETAIN_SELF = YES;
				CLANG_WARN_OBJC_LITERAL_CONVERSION = YES;
				CLANG_WARN_OBJC_ROOT_CLASS = YES_ERROR;
				CLANG_WARN_RANGE_LOOP_ANALYSIS = YES;
				CLANG_WARN_STRICT_PROTOTYPES = YES;
				CLANG_WARN_SUSPICIOUS_MOVE = YES;
				CLANG_WARN_UNGUARDED_AVAILABILITY = YES_AGGRESSIVE;
				CLANG_WARN_UNREACHABLE_CODE = YES;
				CLANG_WARN__DUPLICATE_METHOD_MATCH = YES;
				CODE_SIGN_IDENTITY = "iPhone Developer";
				COPY_PHASE_STRIP = NO;
				DEBUG_INFORMATION_FORMAT = dwarf;
				ENABLE_STRICT_OBJC_MSGSEND = YES;
				ENABLE_TESTABILITY = YES;
				GCC_C_LANGUAGE_STANDARD = gnu11;
				GCC_DYNAMIC_NO_PIC = NO;
				GCC_NO_COMMON_BLOCKS = YES;
				GCC_OPTIMIZATION_LEVEL = 0;
				GCC_PREPROCESSOR_DEFINITIONS = (
					"DEBUG=1",
					"$(inherited)",
				);
				GCC_WARN_64_TO_32_BIT_CONVERSION = YES;
				GCC_WARN_ABOUT_RETURN_TYPE = YES_ERROR;
				GCC_WARN_UNDECLARED_SELECTOR = YES;
				GCC_WARN_UNINITIALIZED_AUTOS = YES_AGGRESSIVE;
				GCC_WARN_UNUSED_FUNCTION = YES;
				GCC_WARN_UNUSED_VARIABLE = YES;
				IPHONEOS_DEPLOYMENT_TARGET = 11.3;
				MTL_ENABLE_DEBUG_INFO = YES;
				ONLY_ACTIVE_ARCH = YES;
				SDKROOT = iphoneos;
				SWIFT_ACTIVE_COMPILATION_CONDITIONS = DEBUG;
				SWIFT_OPTIMIZATION_LEVEL = "-Onone";
			};
			name = Debug;
		};
		5B94B34320B6F86900964196 /* Release */ = {
			isa = XCBuildConfiguration;
			buildSettings = {
				ALWAYS_SEARCH_USER_PATHS = NO;
				CLANG_ANALYZER_NONNULL = YES;
				CLANG_ANALYZER_NUMBER_OBJECT_CONVERSION = YES_AGGRESSIVE;
				CLANG_CXX_LANGUAGE_STANDARD = "gnu++14";
				CLANG_CXX_LIBRARY = "libc++";
				CLANG_ENABLE_MODULES = YES;
				CLANG_ENABLE_OBJC_ARC = YES;
				CLANG_ENABLE_OBJC_WEAK = YES;
				CLANG_WARN_BLOCK_CAPTURE_AUTORELEASING = YES;
				CLANG_WARN_BOOL_CONVERSION = YES;
				CLANG_WARN_COMMA = YES;
				CLANG_WARN_CONSTANT_CONVERSION = YES;
				CLANG_WARN_DEPRECATED_OBJC_IMPLEMENTATIONS = YES;
				CLANG_WARN_DIRECT_OBJC_ISA_USAGE = YES_ERROR;
				CLANG_WARN_DOCUMENTATION_COMMENTS = YES;
				CLANG_WARN_EMPTY_BODY = YES;
				CLANG_WARN_ENUM_CONVERSION = YES;
				CLANG_WARN_INFINITE_RECURSION = YES;
				CLANG_WARN_INT_CONVERSION = YES;
				CLANG_WARN_NON_LITERAL_NULL_CONVERSION = YES;
				CLANG_WARN_OBJC_IMPLICIT_RETAIN_SELF = YES;
				CLANG_WARN_OBJC_LITERAL_CONVERSION = YES;
				CLANG_WARN_OBJC_ROOT_CLASS = YES_ERROR;
				CLANG_WARN_RANGE_LOOP_ANALYSIS = YES;
				CLANG_WARN_STRICT_PROTOTYPES = YES;
				CLANG_WARN_SUSPICIOUS_MOVE = YES;
				CLANG_WARN_UNGUARDED_AVAILABILITY = YES_AGGRESSIVE;
				CLANG_WARN_UNREACHABLE_CODE = YES;
				CLANG_WARN__DUPLICATE_METHOD_MATCH = YES;
				CODE_SIGN_IDENTITY = "iPhone Developer";
				COPY_PHASE_STRIP = NO;
				DEBUG_INFORMATION_FORMAT = "dwarf-with-dsym";
				ENABLE_NS_ASSERTIONS = NO;
				ENABLE_STRICT_OBJC_MSGSEND = YES;
				GCC_C_LANGUAGE_STANDARD = gnu11;
				GCC_NO_COMMON_BLOCKS = YES;
				GCC_WARN_64_TO_32_BIT_CONVERSION = YES;
				GCC_WARN_ABOUT_RETURN_TYPE = YES_ERROR;
				GCC_WARN_UNDECLARED_SELECTOR = YES;
				GCC_WARN_UNINITIALIZED_AUTOS = YES_AGGRESSIVE;
				GCC_WARN_UNUSED_FUNCTION = YES;
				GCC_WARN_UNUSED_VARIABLE = YES;
				IPHONEOS_DEPLOYMENT_TARGET = 11.3;
				MTL_ENABLE_DEBUG_INFO = NO;
				SDKROOT = iphoneos;
				SWIFT_COMPILATION_MODE = wholemodule;
				SWIFT_OPTIMIZATION_LEVEL = "-O";
				VALIDATE_PRODUCT = YES;
			};
			name = Release;
		};
		5B94B34520B6F86900964196 /* Debug */ = {
			isa = XCBuildConfiguration;
			buildSettings = {
				ASSETCATALOG_COMPILER_APPICON_NAME = AppIcon;
				CODE_SIGN_STYLE = Automatic;
				DEVELOPMENT_TEAM = 34VA2F8VM6;
				INFOPLIST_FILE = TimeWatch/Info.plist;
				LD_RUNPATH_SEARCH_PATHS = (
					"$(inherited)",
					"@executable_path/Frameworks",
				);
				PRODUCT_BUNDLE_IDENTIFIER = com.pascualpeter.TimeWatch;
				PRODUCT_NAME = "$(TARGET_NAME)";
				SWIFT_VERSION = 4.0;
				TARGETED_DEVICE_FAMILY = "1,2";
			};
			name = Debug;
		};
		5B94B34620B6F86900964196 /* Release */ = {
			isa = XCBuildConfiguration;
			buildSettings = {
				ASSETCATALOG_COMPILER_APPICON_NAME = AppIcon;
				CODE_SIGN_STYLE = Automatic;
				DEVELOPMENT_TEAM = 34VA2F8VM6;
				INFOPLIST_FILE = TimeWatch/Info.plist;
				LD_RUNPATH_SEARCH_PATHS = (
					"$(inherited)",
					"@executable_path/Frameworks",
				);
				PRODUCT_BUNDLE_IDENTIFIER = com.pascualpeter.TimeWatch;
				PRODUCT_NAME = "$(TARGET_NAME)";
				SWIFT_VERSION = 4.0;
				TARGETED_DEVICE_FAMILY = "1,2";
			};
			name = Release;
		};
/* End XCBuildConfiguration section */

/* Begin XCConfigurationList section */
		5B94B32A20B6F86700964196 /* Build configuration list for PBXProject "TimeWatch" */ = {
			isa = XCConfigurationList;
			buildConfigurations = (
				5B94B34220B6F86900964196 /* Debug */,
				5B94B34320B6F86900964196 /* Release */,
			);
			defaultConfigurationIsVisible = 0;
			defaultConfigurationName = Release;
		};
		5B94B34420B6F86900964196 /* Build configuration list for PBXNativeTarget "TimeWatch" */ = {
			isa = XCConfigurationList;
			buildConfigurations = (
				5B94B34520B6F86900964196 /* Debug */,
				5B94B34620B6F86900964196 /* Release */,
			);
			defaultConfigurationIsVisible = 0;
			defaultConfigurationName = Release;
		};
/* End XCConfigurationList section */

/* Begin XCVersionGroup section */
		5B94B33920B6F86700964196 /* TimeWatch.xcdatamodeld */ = {
			isa = XCVersionGroup;
			children = (
				5B94B33A20B6F86700964196 /* TimeWatch.xcdatamodel */,
			);
			currentVersion = 5B94B33A20B6F86700964196 /* TimeWatch.xcdatamodel */;
			path = TimeWatch.xcdatamodeld;
			sourceTree = "<group>";
			versionGroupType = wrapper.xcdatamodel;
		};
/* End XCVersionGroup section */
	};
	rootObject = 5B94B32720B6F86700964196 /* Project object */;
}
